
Microsoft Visual Studio Solution File, Format Version 11.00
# Visual Studio 2010
Project("{F184B08F-C81C-45F6-A57F-5ABD9991F28F}") = "Slip20", "Slip20\Slip20.vbproj", "{A20F759E-34A2-403C-8988-61458FCDEF71}"
EndProject
Global
	GlobalSection(SolutionConfigurationPlatforms) = preSolution
		Debug|x86 = Debug|x86
		Release|x86 = Release|x86
	EndGlobalSection
	GlobalSection(ProjectConfigurationPlatforms) = postSolution
		{A20F759E-34A2-403C-8988-61458FCDEF71}.Debug|x86.ActiveCfg = Debug|x86
		{A20F759E-34A2-403C-8988-61458FCDEF71}.Debug|x86.Build.0 = Debug|x86
		{A20F759E-34A2-403C-8988-61458FCDEF71}.Release|x86.ActiveCfg = Release|x86
		{A20F759E-34A2-403C-8988-61458FCDEF71}.Release|x86.Build.0 = Release|x86
	EndGlobalSection
	GlobalSection(SolutionProperties) = preSolution
		HideSolutionNode = FALSE
	EndGlobalSection
EndGlobal
